
Microsoft Visual Studio Solution File, Format Version 12.00
# Visual Studio Version 17
VisualStudioVersion = 17.9.34622.214
MinimumVisualStudioVersion = 10.0.40219.1
Project("{9A19103F-16F7-4668-BE54-9A1E7A4F7556}") = "Lab1", "Lab1\Lab1.csproj", "{D71190C0-5772-4E73-9C92-BB8DB85BBD0B}"
EndProject
Project("{FAE04EC0-301F-11D3-BF4B-00C04F79EFBC}") = "lab2", "lab2\lab2.csproj", "{DAE60357-159E-4E18-A5A4-167682F92D8C}"
EndProject
Global
	GlobalSection(SolutionConfigurationPlatforms) = preSolution
		Debug|Any CPU = Debug|Any CPU
		Release|Any CPU = Release|Any CPU
	EndGlobalSection
	GlobalSection(ProjectConfigurationPlatforms) = postSolution
		{D71190C0-5772-4E73-9C92-BB8DB85BBD0B}.Debug|Any CPU.ActiveCfg = Debug|Any CPU
		{D71190C0-5772-4E73-9C92-BB8DB85BBD0B}.Debug|Any CPU.Build.0 = Debug|Any CPU
		{D71190C0-5772-4E73-9C92-BB8DB85BBD0B}.Release|Any CPU.ActiveCfg = Release|Any CPU
		{D71190C0-5772-4E73-9C92-BB8DB85BBD0B}.Release|Any CPU.Build.0 = Release|Any CPU
		{DAE60357-159E-4E18-A5A4-167682F92D8C}.Debug|Any CPU.ActiveCfg = Debug|Any CPU
		{DAE60357-159E-4E18-A5A4-167682F92D8C}.Debug|Any CPU.Build.0 = Debug|Any CPU
		{DAE60357-159E-4E18-A5A4-167682F92D8C}.Release|Any CPU.ActiveCfg = Release|Any CPU
		{DAE60357-159E-4E18-A5A4-167682F92D8C}.Release|Any CPU.Build.0 = Release|Any CPU
	EndGlobalSection
	GlobalSection(SolutionProperties) = preSolution
		HideSolutionNode = FALSE
	EndGlobalSection
	GlobalSection(ExtensibilityGlobals) = postSolution
		SolutionGuid = {41EF9B11-97B6-4762-8899-C684F03D04F4}
	EndGlobalSection
EndGlobal
